
Microsoft Visual Studio Solution File, Format Version 12.00
# Visual Studio Version 17
VisualStudioVersion = 17.13.35913.81
MinimumVisualStudioVersion = 10.0.40219.1
Project("{FAE04EC0-301F-11D3-BF4B-00C04F79EFBC}") = "SFT", "SFT.csproj", "{72EF85D2-CD1B-4589-97FE-964DE0A4E738}"
EndProject
Project("{2150E333-8FDC-42A3-9474-1A3956D46DE8}") = "Solution Items", "Solution Items", "{8EC462FD-D22E-90A8-E5CE-7E832BA40C5D}"
	ProjectSection(SolutionItems) = preProject
		.gitignore = .gitignore
	EndProjectSection
EndProject
Global
	GlobalSection(SolutionConfigurationPlatforms) = preSolution
		Debug|Any CPU = Debug|Any CPU
		Release|Any CPU = Release|Any CPU
	EndGlobalSection
	GlobalSection(ProjectConfigurationPlatforms) = postSolution
		{72EF85D2-CD1B-4589-97FE-964DE0A4E738}.Debug|Any CPU.ActiveCfg = Debug|Any CPU
		{72EF85D2-CD1B-4589-97FE-964DE0A4E738}.Debug|Any CPU.Build.0 = Debug|Any CPU
		{72EF85D2-CD1B-4589-97FE-964DE0A4E738}.Release|Any CPU.ActiveCfg = Release|Any CPU
		{72EF85D2-CD1B-4589-97FE-964DE0A4E738}.Release|Any CPU.Build.0 = Release|Any CPU
	EndGlobalSection
	GlobalSection(SolutionProperties) = preSolution
		HideSolutionNode = FALSE
	EndGlobalSection
	GlobalSection(ExtensibilityGlobals) = postSolution
		SolutionGuid = {81AF2657-F2CA-4334-8F80-89D29CC98DD1}
	EndGlobalSection
EndGlobal
